
Microsoft Visual Studio Solution File, Format Version 12.00
# Visual Studio Version 17
VisualStudioVersion = 17.11.35327.3
MinimumVisualStudioVersion = 10.0.40219.1
Project("{FAE04EC0-301F-11D3-BF4B-00C04F79EFBC}") = "WinFormsMidtermDemo", "WinFormsMidtermDemo\WinFormsMidtermDemo.csproj", "{51F69778-B4C5-47F7-A4FA-41982048B17D}"
EndProject
Global
	GlobalSection(SolutionConfigurationPlatforms) = preSolution
		Debug|Any CPU = Debug|Any CPU
		Release|Any CPU = Release|Any CPU
	EndGlobalSection
	GlobalSection(ProjectConfigurationPlatforms) = postSolution
		{51F69778-B4C5-47F7-A4FA-41982048B17D}.Debug|Any CPU.ActiveCfg = Debug|Any CPU
		{51F69778-B4C5-47F7-A4FA-41982048B17D}.Debug|Any CPU.Build.0 = Debug|Any CPU
		{51F69778-B4C5-47F7-A4FA-41982048B17D}.Release|Any CPU.ActiveCfg = Release|Any CPU
		{51F69778-B4C5-47F7-A4FA-41982048B17D}.Release|Any CPU.Build.0 = Release|Any CPU
	EndGlobalSection
	GlobalSection(SolutionProperties) = preSolution
		HideSolutionNode = FALSE
	EndGlobalSection
	GlobalSection(ExtensibilityGlobals) = postSolution
		SolutionGuid = {B3A5018D-4320-4643-BFA5-8735B67E8B73}
	EndGlobalSection
EndGlobal
